
Microsoft Visual Studio Solution File, Format Version 11.00
# Visual Studio 2010
Project("{FAE04EC0-301F-11D3-BF4B-00C04F79EFBC}") = "SuperTuples", "SuperTuples.csproj", "{96CC254E-6A6F-40D8-A7AA-F35ED36223A5}"
EndProject
Project("{FAE04EC0-301F-11D3-BF4B-00C04F79EFBC}") = "SuperTuples.Test", "..\SuperTuples.Test\SuperTuples.Test.csproj", "{D2FA3295-F623-42D8-AA6B-22E88AEEF2EE}"
EndProject
Global
	GlobalSection(SolutionConfigurationPlatforms) = preSolution
		Debug|Any CPU = Debug|Any CPU
		Release|Any CPU = Release|Any CPU
	EndGlobalSection
	GlobalSection(ProjectConfigurationPlatforms) = postSolution
		{96CC254E-6A6F-40D8-A7AA-F35ED36223A5}.Debug|Any CPU.ActiveCfg = Debug|Any CPU
		{96CC254E-6A6F-40D8-A7AA-F35ED36223A5}.Debug|Any CPU.Build.0 = Debug|Any CPU
		{96CC254E-6A6F-40D8-A7AA-F35ED36223A5}.Release|Any CPU.ActiveCfg = Release|Any CPU
		{96CC254E-6A6F-40D8-A7AA-F35ED36223A5}.Release|Any CPU.Build.0 = Release|Any CPU
		{D2FA3295-F623-42D8-AA6B-22E88AEEF2EE}.Debug|Any CPU.ActiveCfg = Debug|Any CPU
		{D2FA3295-F623-42D8-AA6B-22E88AEEF2EE}.Debug|Any CPU.Build.0 = Debug|Any CPU
		{D2FA3295-F623-42D8-AA6B-22E88AEEF2EE}.Release|Any CPU.ActiveCfg = Release|Any CPU
		{D2FA3295-F623-42D8-AA6B-22E88AEEF2EE}.Release|Any CPU.Build.0 = Release|Any CPU
	EndGlobalSection
	GlobalSection(SolutionProperties) = preSolution
		HideSolutionNode = FALSE
	EndGlobalSection
EndGlobal
